
Microsoft Visual Studio Solution File, Format Version 12.00
# Visual Studio Version 17
VisualStudioVersion = 17.0.31912.275
MinimumVisualStudioVersion = 10.0.40219.1
Project("{8BC9CEB8-8B4A-11D0-8D11-00A0C91BC942}") = "Labor5.1", "Labor5.1\Labor5.1.vcxproj", "{EFCA401E-AC5A-4E97-B07B-561EA146028E}"
EndProject
Project("{8BC9CEB8-8B4A-11D0-8D11-00A0C91BC942}") = "UnitTest51", "UnitTest51\UnitTest51.vcxproj", "{BF651956-089C-4828-A6A7-64F64ABC187A}"
EndProject
Global
	GlobalSection(SolutionConfigurationPlatforms) = preSolution
		Debug|x64 = Debug|x64
		Debug|x86 = Debug|x86
		Release|x64 = Release|x64
		Release|x86 = Release|x86
	EndGlobalSection
	GlobalSection(ProjectConfigurationPlatforms) = postSolution
		{EFCA401E-AC5A-4E97-B07B-561EA146028E}.Debug|x64.ActiveCfg = Debug|x64
		{EFCA401E-AC5A-4E97-B07B-561EA146028E}.Debug|x64.Build.0 = Debug|x64
		{EFCA401E-AC5A-4E97-B07B-561EA146028E}.Debug|x86.ActiveCfg = Debug|Win32
		{EFCA401E-AC5A-4E97-B07B-561EA146028E}.Debug|x86.Build.0 = Debug|Win32
		{EFCA401E-AC5A-4E97-B07B-561EA146028E}.Release|x64.ActiveCfg = Release|x64
		{EFCA401E-AC5A-4E97-B07B-561EA146028E}.Release|x64.Build.0 = Release|x64
		{EFCA401E-AC5A-4E97-B07B-561EA146028E}.Release|x86.ActiveCfg = Release|Win32
		{EFCA401E-AC5A-4E97-B07B-561EA146028E}.Release|x86.Build.0 = Release|Win32
		{BF651956-089C-4828-A6A7-64F64ABC187A}.Debug|x64.ActiveCfg = Debug|x64
		{BF651956-089C-4828-A6A7-64F64ABC187A}.Debug|x64.Build.0 = Debug|x64
		{BF651956-089C-4828-A6A7-64F64ABC187A}.Debug|x86.ActiveCfg = Debug|Win32
		{BF651956-089C-4828-A6A7-64F64ABC187A}.Debug|x86.Build.0 = Debug|Win32
		{BF651956-089C-4828-A6A7-64F64ABC187A}.Release|x64.ActiveCfg = Release|x64
		{BF651956-089C-4828-A6A7-64F64ABC187A}.Release|x64.Build.0 = Release|x64
		{BF651956-089C-4828-A6A7-64F64ABC187A}.Release|x86.ActiveCfg = Release|Win32
		{BF651956-089C-4828-A6A7-64F64ABC187A}.Release|x86.Build.0 = Release|Win32
	EndGlobalSection
	GlobalSection(SolutionProperties) = preSolution
		HideSolutionNode = FALSE
	EndGlobalSection
	GlobalSection(ExtensibilityGlobals) = postSolution
		SolutionGuid = {C4A60237-70B9-4D37-BED0-AD3A136C3B6B}
	EndGlobalSection
EndGlobal
